
Microsoft Visual Studio Solution File, Format Version 12.00
# Visual Studio 2013
VisualStudioVersion = 12.0.21005.1
MinimumVisualStudioVersion = 10.0.40219.1
Project("{FAE04EC0-301F-11D3-BF4B-00C04F79EFBC}") = "MyCSharpStudy", "01Src\MyCSharpStudy\MyCSharpStudy.csproj", "{76F8094F-570E-4BC4-9FBA-304DC6110BED}"
EndProject
Project("{FAE04EC0-301F-11D3-BF4B-00C04F79EFBC}") = "MyAlgorithmStudy", "01Src\MyAlgorithmStudy\MyAlgorithmStudy.csproj", "{F82110BE-CE6A-4E89-9D71-5F123A3F93D6}"
EndProject
Project("{FAE04EC0-301F-11D3-BF4B-00C04F79EFBC}") = "AAAAA", "01Src\MyHelper\AAAAA.csproj", "{EDDFD138-9D78-42BF-A0F9-B8615AB1CDEC}"
EndProject
Project("{888888A0-9F3D-457C-B088-3A5042F75D52}") = "PythonTest", "01Src\PythonTest\PythonTest.pyproj", "{DB18C3E9-01C3-4619-AAF9-89CF4CC52051}"
EndProject
Project("{FAE04EC0-301F-11D3-BF4B-00C04F79EFBC}") = "WebServiceTest", "01Src\WebServiceTest\WebServiceTest.csproj", "{DF9041DB-0FB7-464C-9091-CF5CC62A81A6}"
EndProject
Project("{FAE04EC0-301F-11D3-BF4B-00C04F79EFBC}") = "Web", "01Src\Web\Web.csproj", "{68C916BE-D1FA-4EAB-ABD0-4AF19702058B}"
EndProject
Project("{2150E333-8FDC-42A3-9474-1A3956D46DE8}") = "01mysoft", "01mysoft", "{592C50EE-5572-4C06-8139-3837B4DAE48A}"
EndProject
Project("{FAE04EC0-301F-11D3-BF4B-00C04F79EFBC}") = "ESBHelper", "01Src\MySoft\ESBHelper\ESBHelper.csproj", "{4E9DA119-C926-4330-818D-72C2E39ECFC1}"
EndProject
Project("{2150E333-8FDC-42A3-9474-1A3956D46DE8}") = "00selonsy", "00selonsy", "{7F2AC360-6F9A-4582-87BD-95DFCCF6C9C9}"
EndProject
Project("{FAE04EC0-301F-11D3-BF4B-00C04F79EFBC}") = "MvcTest", "01Src\MvcTest\MvcTest.csproj", "{C4DADA1D-AED3-4BFE-BD6B-B74BA8B61AC0}"
EndProject
Project("{FAE04EC0-301F-11D3-BF4B-00C04F79EFBC}") = "ESBHelper.Services", "01Src\MySoft\ESBHelper.Services\ESBHelper.Services.csproj", "{913FBF86-7403-43B5-B6E2-0CFDCE7D4977}"
EndProject
Global
	GlobalSection(SolutionConfigurationPlatforms) = preSolution
		Debug|Any CPU = Debug|Any CPU
		Release|Any CPU = Release|Any CPU
	EndGlobalSection
	GlobalSection(ProjectConfigurationPlatforms) = postSolution
		{76F8094F-570E-4BC4-9FBA-304DC6110BED}.Debug|Any CPU.ActiveCfg = Debug|Any CPU
		{76F8094F-570E-4BC4-9FBA-304DC6110BED}.Debug|Any CPU.Build.0 = Debug|Any CPU
		{76F8094F-570E-4BC4-9FBA-304DC6110BED}.Release|Any CPU.ActiveCfg = Release|Any CPU
		{76F8094F-570E-4BC4-9FBA-304DC6110BED}.Release|Any CPU.Build.0 = Release|Any CPU
		{F82110BE-CE6A-4E89-9D71-5F123A3F93D6}.Debug|Any CPU.ActiveCfg = Debug|Any CPU
		{F82110BE-CE6A-4E89-9D71-5F123A3F93D6}.Debug|Any CPU.Build.0 = Debug|Any CPU
		{F82110BE-CE6A-4E89-9D71-5F123A3F93D6}.Release|Any CPU.ActiveCfg = Release|Any CPU
		{F82110BE-CE6A-4E89-9D71-5F123A3F93D6}.Release|Any CPU.Build.0 = Release|Any CPU
		{EDDFD138-9D78-42BF-A0F9-B8615AB1CDEC}.Debug|Any CPU.ActiveCfg = Debug|Any CPU
		{EDDFD138-9D78-42BF-A0F9-B8615AB1CDEC}.Debug|Any CPU.Build.0 = Debug|Any CPU
		{EDDFD138-9D78-42BF-A0F9-B8615AB1CDEC}.Release|Any CPU.ActiveCfg = Release|Any CPU
		{EDDFD138-9D78-42BF-A0F9-B8615AB1CDEC}.Release|Any CPU.Build.0 = Release|Any CPU
		{DB18C3E9-01C3-4619-AAF9-89CF4CC52051}.Debug|Any CPU.ActiveCfg = Debug|Any CPU
		{DB18C3E9-01C3-4619-AAF9-89CF4CC52051}.Release|Any CPU.ActiveCfg = Release|Any CPU
		{DF9041DB-0FB7-464C-9091-CF5CC62A81A6}.Debug|Any CPU.ActiveCfg = Debug|Any CPU
		{DF9041DB-0FB7-464C-9091-CF5CC62A81A6}.Debug|Any CPU.Build.0 = Debug|Any CPU
		{DF9041DB-0FB7-464C-9091-CF5CC62A81A6}.Release|Any CPU.ActiveCfg = Release|Any CPU
		{DF9041DB-0FB7-464C-9091-CF5CC62A81A6}.Release|Any CPU.Build.0 = Release|Any CPU
		{68C916BE-D1FA-4EAB-ABD0-4AF19702058B}.Debug|Any CPU.ActiveCfg = Debug|Any CPU
		{68C916BE-D1FA-4EAB-ABD0-4AF19702058B}.Debug|Any CPU.Build.0 = Debug|Any CPU
		{68C916BE-D1FA-4EAB-ABD0-4AF19702058B}.Release|Any CPU.ActiveCfg = Release|Any CPU
		{68C916BE-D1FA-4EAB-ABD0-4AF19702058B}.Release|Any CPU.Build.0 = Release|Any CPU
		{4E9DA119-C926-4330-818D-72C2E39ECFC1}.Debug|Any CPU.ActiveCfg = Debug|Any CPU
		{4E9DA119-C926-4330-818D-72C2E39ECFC1}.Debug|Any CPU.Build.0 = Debug|Any CPU
		{4E9DA119-C926-4330-818D-72C2E39ECFC1}.Release|Any CPU.ActiveCfg = Release|Any CPU
		{4E9DA119-C926-4330-818D-72C2E39ECFC1}.Release|Any CPU.Build.0 = Release|Any CPU
		{C4DADA1D-AED3-4BFE-BD6B-B74BA8B61AC0}.Debug|Any CPU.ActiveCfg = Debug|Any CPU
		{C4DADA1D-AED3-4BFE-BD6B-B74BA8B61AC0}.Debug|Any CPU.Build.0 = Debug|Any CPU
		{C4DADA1D-AED3-4BFE-BD6B-B74BA8B61AC0}.Release|Any CPU.ActiveCfg = Release|Any CPU
		{C4DADA1D-AED3-4BFE-BD6B-B74BA8B61AC0}.Release|Any CPU.Build.0 = Release|Any CPU
		{913FBF86-7403-43B5-B6E2-0CFDCE7D4977}.Debug|Any CPU.ActiveCfg = Debug|Any CPU
		{913FBF86-7403-43B5-B6E2-0CFDCE7D4977}.Debug|Any CPU.Build.0 = Debug|Any CPU
		{913FBF86-7403-43B5-B6E2-0CFDCE7D4977}.Release|Any CPU.ActiveCfg = Release|Any CPU
		{913FBF86-7403-43B5-B6E2-0CFDCE7D4977}.Release|Any CPU.Build.0 = Release|Any CPU
	EndGlobalSection
	GlobalSection(SolutionProperties) = preSolution
		HideSolutionNode = FALSE
	EndGlobalSection
	GlobalSection(NestedProjects) = preSolution
		{F82110BE-CE6A-4E89-9D71-5F123A3F93D6} = {7F2AC360-6F9A-4582-87BD-95DFCCF6C9C9}
		{EDDFD138-9D78-42BF-A0F9-B8615AB1CDEC} = {7F2AC360-6F9A-4582-87BD-95DFCCF6C9C9}
		{DB18C3E9-01C3-4619-AAF9-89CF4CC52051} = {7F2AC360-6F9A-4582-87BD-95DFCCF6C9C9}
		{DF9041DB-0FB7-464C-9091-CF5CC62A81A6} = {7F2AC360-6F9A-4582-87BD-95DFCCF6C9C9}
		{68C916BE-D1FA-4EAB-ABD0-4AF19702058B} = {7F2AC360-6F9A-4582-87BD-95DFCCF6C9C9}
		{76F8094F-570E-4BC4-9FBA-304DC6110BED} = {7F2AC360-6F9A-4582-87BD-95DFCCF6C9C9}
		{C4DADA1D-AED3-4BFE-BD6B-B74BA8B61AC0} = {7F2AC360-6F9A-4582-87BD-95DFCCF6C9C9}
		{4E9DA119-C926-4330-818D-72C2E39ECFC1} = {592C50EE-5572-4C06-8139-3837B4DAE48A}
		{913FBF86-7403-43B5-B6E2-0CFDCE7D4977} = {592C50EE-5572-4C06-8139-3837B4DAE48A}
	EndGlobalSection
EndGlobal
