
Microsoft Visual Studio Solution File, Format Version 12.00
# Visual Studio 2013
VisualStudioVersion = 12.0.21005.1
MinimumVisualStudioVersion = 10.0.40219.1
Project("{2150E333-8FDC-42A3-9474-1A3956D46DE8}") = "03Mysoft", "03Mysoft", "{592C50EE-5572-4C06-8139-3837B4DAE48A}"
EndProject
Project("{2150E333-8FDC-42A3-9474-1A3956D46DE8}") = "01StudyAndTest", "01StudyAndTest", "{7F2AC360-6F9A-4582-87BD-95DFCCF6C9C9}"
EndProject
Project("{2150E333-8FDC-42A3-9474-1A3956D46DE8}") = "02Selonsy", "02Selonsy", "{26E3E56C-2AEF-4FA0-9932-FD43D5F74E17}"
EndProject
Project("{2150E333-8FDC-42A3-9474-1A3956D46DE8}") = "00Framework", "00Framework", "{8268B503-74A1-40CC-ABD8-C7B54AE6C476}"
	ProjectSection(SolutionItems) = preProject
		01Src\00Framework\我的待办.txt = 01Src\00Framework\我的待办.txt
		01Src\00Framework\我的编码规范.txt = 01Src\00Framework\我的编码规范.txt
	EndProjectSection
EndProject
Project("{FAE04EC0-301F-11D3-BF4B-00C04F79EFBC}") = "Framework.BLL", "01Src\00Framework\Framework.BLL\Framework.BLL.csproj", "{290B5D69-973B-444E-A956-555534090CD7}"
EndProject
Project("{FAE04EC0-301F-11D3-BF4B-00C04F79EFBC}") = "Framework.Contract", "01Src\00Framework\Framework.Contract\Framework.Contract.csproj", "{11214D97-F23C-4E16-AA12-ECD824454744}"
EndProject
Project("{FAE04EC0-301F-11D3-BF4B-00C04F79EFBC}") = "Framework.DAL", "01Src\00Framework\Framework.DAL\Framework.DAL.csproj", "{D988D0DA-99C9-4BB6-98BB-4C0526F6F524}"
EndProject
Project("{FAE04EC0-301F-11D3-BF4B-00C04F79EFBC}") = "Framework.Utility", "01Src\00Framework\Framework.Utility\Framework.Utility.csproj", "{9F519EF8-800F-40CB-9545-9AEADF0F387D}"
EndProject
Project("{FAE04EC0-301F-11D3-BF4B-00C04F79EFBC}") = "MyHelper", "01Src\00Framework\MyHelper\MyHelper.csproj", "{EDDFD138-9D78-42BF-A0F9-B8615AB1CDEC}"
EndProject
Project("{FAE04EC0-301F-11D3-BF4B-00C04F79EFBC}") = "MyAssets", "01Src\00Framework\MyAssets\MyAssets.csproj", "{F3B21BC0-0529-4EE1-AE43-A5C46B6AD33A}"
EndProject
Project("{FAE04EC0-301F-11D3-BF4B-00C04F79EFBC}") = "MyAlgorithmStudy", "01Src\01StudyAndTest\MyAlgorithmStudy\MyAlgorithmStudy.csproj", "{F82110BE-CE6A-4E89-9D71-5F123A3F93D6}"
EndProject
Project("{FAE04EC0-301F-11D3-BF4B-00C04F79EFBC}") = "MyCSharpStudy", "01Src\01StudyAndTest\MyCSharpStudy\MyCSharpStudy.csproj", "{76F8094F-570E-4BC4-9FBA-304DC6110BED}"
EndProject
Project("{FAE04EC0-301F-11D3-BF4B-00C04F79EFBC}") = "MyWebTest", "01Src\01StudyAndTest\MyWebTest\MyWebTest.csproj", "{68C916BE-D1FA-4EAB-ABD0-4AF19702058B}"
EndProject
Project("{888888A0-9F3D-457C-B088-3A5042F75D52}") = "PythonTest", "01Src\01StudyAndTest\PythonTest\PythonTest.pyproj", "{DB18C3E9-01C3-4619-AAF9-89CF4CC52051}"
EndProject
Project("{FAE04EC0-301F-11D3-BF4B-00C04F79EFBC}") = "WebServiceTest", "01Src\01StudyAndTest\WebServiceTest\WebServiceTest.csproj", "{DF9041DB-0FB7-464C-9091-CF5CC62A81A6}"
EndProject
Project("{FAE04EC0-301F-11D3-BF4B-00C04F79EFBC}") = "MyWeb.Tests", "01Src\02Selonsy\MyWeb.Tests\MyWeb.Tests.csproj", "{277CCB4E-DF8C-4B2A-B2E4-6809AA01D8B7}"
EndProject
Project("{FAE04EC0-301F-11D3-BF4B-00C04F79EFBC}") = "ESBHelper", "01Src\03Mysoft\MySoft\ESBHelper\ESBHelper.csproj", "{4E9DA119-C926-4330-818D-72C2E39ECFC1}"
EndProject
Project("{FAE04EC0-301F-11D3-BF4B-00C04F79EFBC}") = "MyWeb", "01Src\02Selonsy\MyWeb\MyWeb.csproj", "{74E10691-7EF0-4449-A0F7-69977034F81B}"
EndProject
Project("{FAE04EC0-301F-11D3-BF4B-00C04F79EFBC}") = "MyHelper.Tests", "01Src\00Framework\MyHelper.Tests\MyHelper.Tests.csproj", "{9496EAF7-39CB-49BD-8085-895E85170825}"
EndProject
Project("{FAE04EC0-301F-11D3-BF4B-00C04F79EFBC}") = "MyHelper_LowLevel", "01Src\00Framework\MyHelper_LowLevel\MyHelper_LowLevel.csproj", "{DE812C8D-709D-4F30-A73B-2C0F794F5F28}"
EndProject
Global
	GlobalSection(SolutionConfigurationPlatforms) = preSolution
		Debug|Any CPU = Debug|Any CPU
		Release|Any CPU = Release|Any CPU
	EndGlobalSection
	GlobalSection(ProjectConfigurationPlatforms) = postSolution
		{290B5D69-973B-444E-A956-555534090CD7}.Debug|Any CPU.ActiveCfg = Debug|Any CPU
		{290B5D69-973B-444E-A956-555534090CD7}.Release|Any CPU.ActiveCfg = Release|Any CPU
		{290B5D69-973B-444E-A956-555534090CD7}.Release|Any CPU.Build.0 = Release|Any CPU
		{11214D97-F23C-4E16-AA12-ECD824454744}.Debug|Any CPU.ActiveCfg = Debug|Any CPU
		{11214D97-F23C-4E16-AA12-ECD824454744}.Release|Any CPU.ActiveCfg = Release|Any CPU
		{11214D97-F23C-4E16-AA12-ECD824454744}.Release|Any CPU.Build.0 = Release|Any CPU
		{D988D0DA-99C9-4BB6-98BB-4C0526F6F524}.Debug|Any CPU.ActiveCfg = Debug|Any CPU
		{D988D0DA-99C9-4BB6-98BB-4C0526F6F524}.Release|Any CPU.ActiveCfg = Release|Any CPU
		{D988D0DA-99C9-4BB6-98BB-4C0526F6F524}.Release|Any CPU.Build.0 = Release|Any CPU
		{9F519EF8-800F-40CB-9545-9AEADF0F387D}.Debug|Any CPU.ActiveCfg = Debug|Any CPU
		{9F519EF8-800F-40CB-9545-9AEADF0F387D}.Release|Any CPU.ActiveCfg = Release|Any CPU
		{9F519EF8-800F-40CB-9545-9AEADF0F387D}.Release|Any CPU.Build.0 = Release|Any CPU
		{EDDFD138-9D78-42BF-A0F9-B8615AB1CDEC}.Debug|Any CPU.ActiveCfg = Debug|Any CPU
		{EDDFD138-9D78-42BF-A0F9-B8615AB1CDEC}.Debug|Any CPU.Build.0 = Debug|Any CPU
		{EDDFD138-9D78-42BF-A0F9-B8615AB1CDEC}.Release|Any CPU.ActiveCfg = Release|Any CPU
		{EDDFD138-9D78-42BF-A0F9-B8615AB1CDEC}.Release|Any CPU.Build.0 = Release|Any CPU
		{F3B21BC0-0529-4EE1-AE43-A5C46B6AD33A}.Debug|Any CPU.ActiveCfg = Debug|Any CPU
		{F3B21BC0-0529-4EE1-AE43-A5C46B6AD33A}.Release|Any CPU.ActiveCfg = Release|Any CPU
		{F3B21BC0-0529-4EE1-AE43-A5C46B6AD33A}.Release|Any CPU.Build.0 = Release|Any CPU
		{F82110BE-CE6A-4E89-9D71-5F123A3F93D6}.Debug|Any CPU.ActiveCfg = Debug|Any CPU
		{F82110BE-CE6A-4E89-9D71-5F123A3F93D6}.Release|Any CPU.ActiveCfg = Release|Any CPU
		{F82110BE-CE6A-4E89-9D71-5F123A3F93D6}.Release|Any CPU.Build.0 = Release|Any CPU
		{76F8094F-570E-4BC4-9FBA-304DC6110BED}.Debug|Any CPU.ActiveCfg = Debug|Any CPU
		{76F8094F-570E-4BC4-9FBA-304DC6110BED}.Debug|Any CPU.Build.0 = Debug|Any CPU
		{76F8094F-570E-4BC4-9FBA-304DC6110BED}.Release|Any CPU.ActiveCfg = Release|Any CPU
		{76F8094F-570E-4BC4-9FBA-304DC6110BED}.Release|Any CPU.Build.0 = Release|Any CPU
		{68C916BE-D1FA-4EAB-ABD0-4AF19702058B}.Debug|Any CPU.ActiveCfg = Debug|Any CPU
		{68C916BE-D1FA-4EAB-ABD0-4AF19702058B}.Debug|Any CPU.Build.0 = Debug|Any CPU
		{68C916BE-D1FA-4EAB-ABD0-4AF19702058B}.Release|Any CPU.ActiveCfg = Release|Any CPU
		{68C916BE-D1FA-4EAB-ABD0-4AF19702058B}.Release|Any CPU.Build.0 = Release|Any CPU
		{DB18C3E9-01C3-4619-AAF9-89CF4CC52051}.Debug|Any CPU.ActiveCfg = Debug|Any CPU
		{DB18C3E9-01C3-4619-AAF9-89CF4CC52051}.Debug|Any CPU.Build.0 = Debug|Any CPU
		{DB18C3E9-01C3-4619-AAF9-89CF4CC52051}.Release|Any CPU.ActiveCfg = Release|Any CPU
		{DF9041DB-0FB7-464C-9091-CF5CC62A81A6}.Debug|Any CPU.ActiveCfg = Debug|Any CPU
		{DF9041DB-0FB7-464C-9091-CF5CC62A81A6}.Debug|Any CPU.Build.0 = Debug|Any CPU
		{DF9041DB-0FB7-464C-9091-CF5CC62A81A6}.Release|Any CPU.ActiveCfg = Release|Any CPU
		{DF9041DB-0FB7-464C-9091-CF5CC62A81A6}.Release|Any CPU.Build.0 = Release|Any CPU
		{277CCB4E-DF8C-4B2A-B2E4-6809AA01D8B7}.Debug|Any CPU.ActiveCfg = Debug|Any CPU
		{277CCB4E-DF8C-4B2A-B2E4-6809AA01D8B7}.Debug|Any CPU.Build.0 = Debug|Any CPU
		{277CCB4E-DF8C-4B2A-B2E4-6809AA01D8B7}.Release|Any CPU.ActiveCfg = Release|Any CPU
		{277CCB4E-DF8C-4B2A-B2E4-6809AA01D8B7}.Release|Any CPU.Build.0 = Release|Any CPU
		{4E9DA119-C926-4330-818D-72C2E39ECFC1}.Debug|Any CPU.ActiveCfg = Debug|Any CPU
		{4E9DA119-C926-4330-818D-72C2E39ECFC1}.Debug|Any CPU.Build.0 = Debug|Any CPU
		{4E9DA119-C926-4330-818D-72C2E39ECFC1}.Release|Any CPU.ActiveCfg = Release|Any CPU
		{4E9DA119-C926-4330-818D-72C2E39ECFC1}.Release|Any CPU.Build.0 = Release|Any CPU
		{74E10691-7EF0-4449-A0F7-69977034F81B}.Debug|Any CPU.ActiveCfg = Debug|Any CPU
		{74E10691-7EF0-4449-A0F7-69977034F81B}.Debug|Any CPU.Build.0 = Debug|Any CPU
		{74E10691-7EF0-4449-A0F7-69977034F81B}.Release|Any CPU.ActiveCfg = Release|Any CPU
		{74E10691-7EF0-4449-A0F7-69977034F81B}.Release|Any CPU.Build.0 = Release|Any CPU
		{9496EAF7-39CB-49BD-8085-895E85170825}.Debug|Any CPU.ActiveCfg = Debug|Any CPU
		{9496EAF7-39CB-49BD-8085-895E85170825}.Debug|Any CPU.Build.0 = Debug|Any CPU
		{9496EAF7-39CB-49BD-8085-895E85170825}.Release|Any CPU.ActiveCfg = Release|Any CPU
		{9496EAF7-39CB-49BD-8085-895E85170825}.Release|Any CPU.Build.0 = Release|Any CPU
		{DE812C8D-709D-4F30-A73B-2C0F794F5F28}.Debug|Any CPU.ActiveCfg = Debug|Any CPU
		{DE812C8D-709D-4F30-A73B-2C0F794F5F28}.Debug|Any CPU.Build.0 = Debug|Any CPU
		{DE812C8D-709D-4F30-A73B-2C0F794F5F28}.Release|Any CPU.ActiveCfg = Release|Any CPU
		{DE812C8D-709D-4F30-A73B-2C0F794F5F28}.Release|Any CPU.Build.0 = Release|Any CPU
	EndGlobalSection
	GlobalSection(SolutionProperties) = preSolution
		HideSolutionNode = FALSE
	EndGlobalSection
	GlobalSection(NestedProjects) = preSolution
		{4E9DA119-C926-4330-818D-72C2E39ECFC1} = {592C50EE-5572-4C06-8139-3837B4DAE48A}
		{F82110BE-CE6A-4E89-9D71-5F123A3F93D6} = {7F2AC360-6F9A-4582-87BD-95DFCCF6C9C9}
		{76F8094F-570E-4BC4-9FBA-304DC6110BED} = {7F2AC360-6F9A-4582-87BD-95DFCCF6C9C9}
		{68C916BE-D1FA-4EAB-ABD0-4AF19702058B} = {7F2AC360-6F9A-4582-87BD-95DFCCF6C9C9}
		{DB18C3E9-01C3-4619-AAF9-89CF4CC52051} = {7F2AC360-6F9A-4582-87BD-95DFCCF6C9C9}
		{DF9041DB-0FB7-464C-9091-CF5CC62A81A6} = {7F2AC360-6F9A-4582-87BD-95DFCCF6C9C9}
		{277CCB4E-DF8C-4B2A-B2E4-6809AA01D8B7} = {26E3E56C-2AEF-4FA0-9932-FD43D5F74E17}
		{74E10691-7EF0-4449-A0F7-69977034F81B} = {26E3E56C-2AEF-4FA0-9932-FD43D5F74E17}
		{290B5D69-973B-444E-A956-555534090CD7} = {8268B503-74A1-40CC-ABD8-C7B54AE6C476}
		{11214D97-F23C-4E16-AA12-ECD824454744} = {8268B503-74A1-40CC-ABD8-C7B54AE6C476}
		{D988D0DA-99C9-4BB6-98BB-4C0526F6F524} = {8268B503-74A1-40CC-ABD8-C7B54AE6C476}
		{9F519EF8-800F-40CB-9545-9AEADF0F387D} = {8268B503-74A1-40CC-ABD8-C7B54AE6C476}
		{EDDFD138-9D78-42BF-A0F9-B8615AB1CDEC} = {8268B503-74A1-40CC-ABD8-C7B54AE6C476}
		{F3B21BC0-0529-4EE1-AE43-A5C46B6AD33A} = {8268B503-74A1-40CC-ABD8-C7B54AE6C476}
		{9496EAF7-39CB-49BD-8085-895E85170825} = {8268B503-74A1-40CC-ABD8-C7B54AE6C476}
		{DE812C8D-709D-4F30-A73B-2C0F794F5F28} = {8268B503-74A1-40CC-ABD8-C7B54AE6C476}
	EndGlobalSection
EndGlobal
